<?xml version="1.0" encoding="utf-8"?>
<Project ToolsVersion="4.0" xmlns="http://schemas.microsoft.com/developer/msbuild/2003">
  <ItemGroup>
    <Filter Include="Source Files">
      <UniqueIdentifier>{4FC737F1-C7A5-4376-A066-2A32D752A2FF}</UniqueIdentifier>
      <Extensions>cpp;c;cc;cxx;c++;cppm;ixx;def;odl;idl;hpj;bat;asm;asmx</Extensions>
    </Filter>
    <Filter Include="Header Files">
      <UniqueIdentifier>{93995380-89BD-4b04-88EB-625FBE52EBFB}</UniqueIdentifier>
      <Extensions>h;hh;hpp;hxx;h++;hm;inl;inc;ipp;xsd</Extensions>
    </Filter>
    <Filter Include="Resource Files">
      <UniqueIdentifier>{67DA6AB6-F800-4c08-8B7A-83BB121AAD01}</UniqueIdentifier>
      <Extensions>rc;ico;cur;bmp;dlg;rc2;rct;bin;rgs;gif;jpg;jpeg;jpe;resx;tiff;tif;png;wav;mfcribbon-ms</Extensions>
    </Filter>
  </ItemGroup>
  <ItemGroup>
    <ClInclude Include="Include\Discord\DiscordClient.h">
      <Filter>Header Files</Filter>
    </ClInclude>
    <ClInclude Include="Include\Discord\IEvents.h">
      <Filter>Header Files</Filter>
    </ClInclude>
    <ClInclude Include="Include\Utils\Utility.h">
      <Filter>Header Files</Filter>
    </ClInclude>
    <ClInclude Include="Include\Discord\Event.h">
      <Filter>Header Files</Filter>
    </ClInclude>
    <ClInclude Include="Vendor\nlohmann\json.hpp">
      <Filter>Header Files</Filter>
    </ClInclude>
    <ClInclude Include="Include\Utils\Logger.h">
      <Filter>Header Files</Filter>
    </ClInclude>
    <ClInclude Include="Include\Utils\Singleton.hpp">
      <Filter>Header Files</Filter>
    </ClInclude>
    <ClInclude Include="Include\Entities\Common\EventArgs\ReadyEventArgs.h">
      <Filter>Header Files</Filter>
    </ClInclude>
    <ClInclude Include="Include\Entities\Member\DiscordUser.h">
      <Filter>Header Files</Filter>
    </ClInclude>
    <ClInclude Include="Include\Discord\DiscordEntity.h">
      <Filter>Header Files</Filter>
    </ClInclude>
    <ClInclude Include="Include\Entities\Common\DiscordApplication.h">
      <Filter>Header Files</Filter>
    </ClInclude>
    <ClInclude Include="Include\Entities\Message\EventArgs\MessageCreateEventArgs.h">
      <Filter>Header Files</Filter>
    </ClInclude>
    <ClInclude Include="Include\Entities\Message\DiscordMessage.h">
      <Filter>Header Files</Filter>
    </ClInclude>
    <ClInclude Include="Include\Entities\Guild\DiscordGuild.h">
      <Filter>Header Files</Filter>
    </ClInclude>
    <ClInclude Include="Include\Utils\Cache.hpp">
      <Filter>Header Files</Filter>
    </ClInclude>
    <ClInclude Include="Include\Entities\Guild\EventArgs\GuildCreateEventArgs.h">
      <Filter>Header Files</Filter>
    </ClInclude>
    <ClInclude Include="Include\Entities\Channel\DiscordChannel.h">
      <Filter>Header Files</Filter>
    </ClInclude>
    <ClInclude Include="Include\Entities\Message\EventArgs\MessageDeleteEventArgs.h">
      <Filter>Header Files</Filter>
    </ClInclude>
    <ClInclude Include="Include\Entities\Message\EventArgs\MessageUpdateEventArgs.h">
      <Filter>Header Files</Filter>
    </ClInclude>
    <ClInclude Include="Include\Entities\Guild\EventArgs\GuildUpdateEventArgs.h">
      <Filter>Header Files</Filter>
    </ClInclude>
    <ClInclude Include="Include\Entities\Member\DiscordMember.h">
      <Filter>Header Files</Filter>
    </ClInclude>
    <ClInclude Include="Include\Entities\Message\DiscordEmoji.h">
      <Filter>Header Files</Filter>
    </ClInclude>
    <ClInclude Include="Include\Entities\Channel\EventArgs\ChannelCreateEventArgs.h">
      <Filter>Header Files</Filter>
    </ClInclude>
    <ClInclude Include="Include\Entities\Channel\EventArgs\ChannelDeleteEventArgs.h">
      <Filter>Header Files</Filter>
    </ClInclude>
    <ClInclude Include="Include\Entities\Channel\EventArgs\ChannelUpdateEventArgs.h">
      <Filter>Header Files</Filter>
    </ClInclude>
    <ClInclude Include="Include\Entities\Channel\EventArgs\ChannelPinUpdateEventArgs.h">
      <Filter>Header Files</Filter>
    </ClInclude>
    <ClInclude Include="Include\Discord\DiscordIntents.h">
      <Filter>Header Files</Filter>
    </ClInclude>
  </ItemGroup>
  <ItemGroup>
    <ClCompile Include="Source\Discord\DiscordClient.cpp">
      <Filter>Source Files</Filter>
    </ClCompile>
    <ClCompile Include="Source\Discord\IEvents.cpp">
      <Filter>Source Files</Filter>
    </ClCompile>
    <ClCompile Include="Source\Utils\Utility.cpp">
      <Filter>Source Files</Filter>
    </ClCompile>
    <ClCompile Include="Source\Utils\Logger.cpp">
      <Filter>Source Files</Filter>
    </ClCompile>
    <ClCompile Include="Source\Entities\Common\EventArgs\ReadyEventArgs.cpp">
      <Filter>Source Files</Filter>
    </ClCompile>
    <ClCompile Include="Source\Entities\Member\DiscordUser.cpp">
      <Filter>Source Files</Filter>
    </ClCompile>
    <ClCompile Include="Source\Discord\DiscordEntity.cpp">
      <Filter>Source Files</Filter>
    </ClCompile>
    <ClCompile Include="Source\Entities\Common\DiscordApplication.cpp">
      <Filter>Source Files</Filter>
    </ClCompile>
    <ClCompile Include="Source\Entities\Message\EventArgs\MessageCreateEventArgs.cpp">
      <Filter>Source Files</Filter>
    </ClCompile>
    <ClCompile Include="Source\Entities\Message\DiscordMessage.cpp">
      <Filter>Source Files</Filter>
    </ClCompile>
    <ClCompile Include="Source\Entities\Guild\DiscordGuild.cpp">
      <Filter>Source Files</Filter>
    </ClCompile>
    <ClCompile Include="Source\Utils\Cache.cpp">
      <Filter>Source Files</Filter>
    </ClCompile>
    <ClCompile Include="Source\Entities\Guild\EventArgs\GuildCreateEventArgs.cpp">
      <Filter>Source Files</Filter>
    </ClCompile>
    <ClCompile Include="Source\Entities\Channel\DiscordChannel.cpp">
      <Filter>Source Files</Filter>
    </ClCompile>
    <ClCompile Include="Source\Entities\Message\EventArgs\MessageDeleteEventArgs.cpp">
      <Filter>Source Files</Filter>
    </ClCompile>
    <ClCompile Include="Source\Entities\Message\EventArgs\MessageUpdateEventArgs.cpp">
      <Filter>Source Files</Filter>
    </ClCompile>
    <ClCompile Include="Source\Entities\Guild\EventArgs\GuildUpdateEventArgs.cpp">
      <Filter>Source Files</Filter>
    </ClCompile>
    <ClCompile Include="Source\Entities\Member\DiscordMember.cpp">
      <Filter>Source Files</Filter>
    </ClCompile>
    <ClCompile Include="Source\Entities\Message\DiscordEmoji.cpp">
      <Filter>Source Files</Filter>
    </ClCompile>
    <ClCompile Include="Source\Entities\Channel\EventArgs\ChannelCreateEventArgs.cpp">
      <Filter>Source Files</Filter>
    </ClCompile>
    <ClCompile Include="Source\Entities\Channel\EventArgs\ChannelDeleteEventArgs.cpp">
      <Filter>Source Files</Filter>
    </ClCompile>
    <ClCompile Include="Source\Entities\Channel\EventArgs\ChannelUpdateEventArgs.cpp">
      <Filter>Source Files</Filter>
    </ClCompile>
    <ClCompile Include="Source\Entities\Channel\EventArgs\ChannelPinUpdateEventArgs.cpp">
      <Filter>Source Files</Filter>
    </ClCompile>
    <ClCompile Include="Source\Discord\DiscordIntents.cpp">
      <Filter>Source Files</Filter>
    </ClCompile>
  </ItemGroup>
  <ItemGroup>
    <None Include="packages.config" />
  </ItemGroup>
</Project>